
Microsoft Visual Studio Solution File, Format Version 12.00
# Visual Studio Version 17
VisualStudioVersion = 17.8.34525.116
MinimumVisualStudioVersion = 10.0.40219.1
Project("{FAE04EC0-301F-11D3-BF4B-00C04F79EFBC}") = "BlueRewards", "BlueRewards\BlueRewards.csproj", "{44413F74-8422-437B-BA13-A20777D526C2}"
EndProject
Global
	GlobalSection(SolutionConfigurationPlatforms) = preSolution
		Debug|Any CPU = Debug|Any CPU
		Release|Any CPU = Release|Any CPU
	EndGlobalSection
	GlobalSection(ProjectConfigurationPlatforms) = postSolution
		{44413F74-8422-437B-BA13-A20777D526C2}.Debug|Any CPU.ActiveCfg = Debug|Any CPU
		{44413F74-8422-437B-BA13-A20777D526C2}.Debug|Any CPU.Build.0 = Debug|Any CPU
		{44413F74-8422-437B-BA13-A20777D526C2}.Release|Any CPU.ActiveCfg = Release|Any CPU
		{44413F74-8422-437B-BA13-A20777D526C2}.Release|Any CPU.Build.0 = Release|Any CPU
	EndGlobalSection
	GlobalSection(SolutionProperties) = preSolution
		HideSolutionNode = FALSE
	EndGlobalSection
	GlobalSection(ExtensibilityGlobals) = postSolution
		SolutionGuid = {7878BE8C-E546-4C16-959C-65A0CF099C49}
	EndGlobalSection
EndGlobal
